// !$*UTF8*$!
{
	archiveVersion = 1;
	classes = {
	};
	objectVersion = 77;
	objects = {

/* Begin PBXBuildFile section */
		CEAAC4182EA2E6F600340E2E /* GoogleService-Info.plist in Resources */ = {isa = PBXBuildFile; fileRef = CEAAC4172EA2E6F600340E2E /* GoogleService-Info.plist */; };
		CEAAC4262EA2E88400340E2E /* FirebaseAI in Frameworks */ = {isa = PBXBuildFile; productRef = CEAAC4252EA2E88400340E2E /* FirebaseAI */; };
		CEAAC4282EA2E88400340E2E /* FirebaseAnalytics in Frameworks */ = {isa = PBXBuildFile; productRef = CEAAC4272EA2E88400340E2E /* FirebaseAnalytics */; };
		CEAAC42A2EA2E88400340E2E /* FirebaseAnalyticsCore in Frameworks */ = {isa = PBXBuildFile; productRef = CEAAC4292EA2E88400340E2E /* FirebaseAnalyticsCore */; };
		CEAAC42C2EA2E88400340E2E /* FirebaseAnalyticsIdentitySupport in Frameworks */ = {isa = PBXBuildFile; productRef = CEAAC42B2EA2E88400340E2E /* FirebaseAnalyticsIdentitySupport */; };
		CEAAC42E2EA2E88400340E2E /* FirebaseAppCheck in Frameworks */ = {isa = PBXBuildFile; productRef = CEAAC42D2EA2E88400340E2E /* FirebaseAppCheck */; };
		CEAAC4312EA2EA4000340E2E /* FirebaseAuth in Frameworks */ = {isa = PBXBuildFile; productRef = CEAAC4302EA2EA4000340E2E /* FirebaseAuth */; };
		CEAAC4332EA2EA5100340E2E /* FirebaseCore in Frameworks */ = {isa = PBXBuildFile; productRef = CEAAC4322EA2EA5100340E2E /* FirebaseCore */; };
		CEAAC4352EA2EA5A00340E2E /* FirebaseFirestore in Frameworks */ = {isa = PBXBuildFile; productRef = CEAAC4342EA2EA5A00340E2E /* FirebaseFirestore */; };
		CEAAC4372EA2EA6200340E2E /* FirebaseStorage in Frameworks */ = {isa = PBXBuildFile; productRef = CEAAC4362EA2EA6200340E2E /* FirebaseStorage */; };
		CEAAC4452EA2EB3900340E2E /* FirebaseFirestoreCombine-Community in Frameworks */ = {isa = PBXBuildFile; productRef = CEAAC4442EA2EB3900340E2E /* FirebaseFirestoreCombine-Community */; };
/* End PBXBuildFile section */

/* Begin PBXContainerItemProxy section */
		CEAAC3D22EA2D94700340E2E /* PBXContainerItemProxy */ = {
			isa = PBXContainerItemProxy;
			containerPortal = CEAAC3BC2EA2D94500340E2E /* Project object */;
			proxyType = 1;
			remoteGlobalIDString = CEAAC3C32EA2D94500340E2E;
			remoteInfo = "Dragon Gardners(Hackathon)";
		};
		CEAAC3DC2EA2D94700340E2E /* PBXContainerItemProxy */ = {
			isa = PBXContainerItemProxy;
			containerPortal = CEAAC3BC2EA2D94500340E2E /* Project object */;
			proxyType = 1;
			remoteGlobalIDString = CEAAC3C32EA2D94500340E2E;
			remoteInfo = "Dragon Gardners(Hackathon)";
		};
/* End PBXContainerItemProxy section */

/* Begin PBXFileReference section */
		CEAAC3C42EA2D94500340E2E /* Dragon Gardners(Hackathon).app */ = {isa = PBXFileReference; explicitFileType = wrapper.application; includeInIndex = 0; path = "Dragon Gardners(Hackathon).app"; sourceTree = BUILT_PRODUCTS_DIR; };
		CEAAC3D12EA2D94700340E2E /* Dragon Gardners(Hackathon)Tests.xctest */ = {isa = PBXFileReference; explicitFileType = wrapper.cfbundle; includeInIndex = 0; path = "Dragon Gardners(Hackathon)Tests.xctest"; sourceTree = BUILT_PRODUCTS_DIR; };
		CEAAC3DB2EA2D94700340E2E /* Dragon Gardners(Hackathon)UITests.xctest */ = {isa = PBXFileReference; explicitFileType = wrapper.cfbundle; includeInIndex = 0; path = "Dragon Gardners(Hackathon)UITests.xctest"; sourceTree = BUILT_PRODUCTS_DIR; };
		CEAAC4172EA2E6F600340E2E /* GoogleService-Info.plist */ = {isa = PBXFileReference; lastKnownFileType = text.plist.xml; path = "GoogleService-Info.plist"; sourceTree = "<group>"; };
/* End PBXFileReference section */

/* Begin PBXFileSystemSynchronizedRootGroup section */
		CEAAC3C62EA2D94500340E2E /* Dragon Gardners(Hackathon) */ = {
			isa = PBXFileSystemSynchronizedRootGroup;
			path = "Dragon Gardners(Hackathon)";
			sourceTree = "<group>";
		};
		CEAAC3D42EA2D94700340E2E /* Dragon Gardners(Hackathon)Tests */ = {
			isa = PBXFileSystemSynchronizedRootGroup;
			path = "Dragon Gardners(Hackathon)Tests";
			sourceTree = "<group>";
		};
		CEAAC3DE2EA2D94700340E2E /* Dragon Gardners(Hackathon)UITests */ = {
			isa = PBXFileSystemSynchronizedRootGroup;
			path = "Dragon Gardners(Hackathon)UITests";
			sourceTree = "<group>";
		};
/* End PBXFileSystemSynchronizedRootGroup section */

/* Begin PBXFrameworksBuildPhase section */
		CEAAC3C12EA2D94500340E2E /* Frameworks */ = {
			isa = PBXFrameworksBuildPhase;
			buildActionMask = 2147483647;
			files = (
				CEAAC42C2EA2E88400340E2E /* FirebaseAnalyticsIdentitySupport in Frameworks */,
				CEAAC4312EA2EA4000340E2E /* FirebaseAuth in Frameworks */,
				CEAAC4372EA2EA6200340E2E /* FirebaseStorage in Frameworks */,
				CEAAC4452EA2EB3900340E2E /* FirebaseFirestoreCombine-Community in Frameworks */,
				CEAAC4282EA2E88400340E2E /* FirebaseAnalytics in Frameworks */,
				CEAAC42A2EA2E88400340E2E /* FirebaseAnalyticsCore in Frameworks */,
				CEAAC4332EA2EA5100340E2E /* FirebaseCore in Frameworks */,
				CEAAC4352EA2EA5A00340E2E /* FirebaseFirestore in Frameworks */,
				CEAAC42E2EA2E88400340E2E /* FirebaseAppCheck in Frameworks */,
				CEAAC4262EA2E88400340E2E /* FirebaseAI in Frameworks */,
			);
			runOnlyForDeploymentPostprocessing = 0;
		};
		CEAAC3CE2EA2D94700340E2E /* Frameworks */ = {
			isa = PBXFrameworksBuildPhase;
			buildActionMask = 2147483647;
			files = (
			);
			runOnlyForDeploymentPostprocessing = 0;
		};
		CEAAC3D82EA2D94700340E2E /* Frameworks */ = {
			isa = PBXFrameworksBuildPhase;
			buildActionMask = 2147483647;
			files = (
			);
			runOnlyForDeploymentPostprocessing = 0;
		};
/* End PBXFrameworksBuildPhase section */

/* Begin PBXGroup section */
		CEAAC3BB2EA2D94500340E2E = {
			isa = PBXGroup;
			children = (
				CEAAC3C62EA2D94500340E2E /* Dragon Gardners(Hackathon) */,
				CEAAC3D42EA2D94700340E2E /* Dragon Gardners(Hackathon)Tests */,
				CEAAC3DE2EA2D94700340E2E /* Dragon Gardners(Hackathon)UITests */,
				CEAAC3C52EA2D94500340E2E /* Products */,
				CEAAC4172EA2E6F600340E2E /* GoogleService-Info.plist */,
				CEAAC42F2EA2EA4000340E2E /* Frameworks */,
			);
			sourceTree = "<group>";
		};
		CEAAC3C52EA2D94500340E2E /* Products */ = {
			isa = PBXGroup;
			children = (
				CEAAC3C42EA2D94500340E2E /* Dragon Gardners(Hackathon).app */,
				CEAAC3D12EA2D94700340E2E /* Dragon Gardners(Hackathon)Tests.xctest */,
				CEAAC3DB2EA2D94700340E2E /* Dragon Gardners(Hackathon)UITests.xctest */,
			);
			name = Products;
			sourceTree = "<group>";
		};
		CEAAC42F2EA2EA4000340E2E /* Frameworks */ = {
			isa = PBXGroup;
			children = (
			);
			name = Frameworks;
			sourceTree = "<group>";
		};
/* End PBXGroup section */

/* Begin PBXNativeTarget section */
		CEAAC3C32EA2D94500340E2E /* Dragon Gardners(Hackathon) */ = {
			isa = PBXNativeTarget;
			buildConfigurationList = CEAAC3E52EA2D94700340E2E /* Build configuration list for PBXNativeTarget "Dragon Gardners(Hackathon)" */;
			buildPhases = (
				CEAAC3C02EA2D94500340E2E /* Sources */,
				CEAAC3C12EA2D94500340E2E /* Frameworks */,
				CEAAC3C22EA2D94500340E2E /* Resources */,
			);
			buildRules = (
			);
			dependencies = (
			);
			fileSystemSynchronizedGroups = (
				CEAAC3C62EA2D94500340E2E /* Dragon Gardners(Hackathon) */,
			);
			name = "Dragon Gardners(Hackathon)";
			packageProductDependencies = (
				CEAAC4252EA2E88400340E2E /* FirebaseAI */,
				CEAAC4272EA2E88400340E2E /* FirebaseAnalytics */,
				CEAAC4292EA2E88400340E2E /* FirebaseAnalyticsCore */,
				CEAAC42B2EA2E88400340E2E /* FirebaseAnalyticsIdentitySupport */,
				CEAAC42D2EA2E88400340E2E /* FirebaseAppCheck */,
				CEAAC4302EA2EA4000340E2E /* FirebaseAuth */,
				CEAAC4322EA2EA5100340E2E /* FirebaseCore */,
				CEAAC4342EA2EA5A00340E2E /* FirebaseFirestore */,
				CEAAC4362EA2EA6200340E2E /* FirebaseStorage */,
				CEAAC4442EA2EB3900340E2E /* FirebaseFirestoreCombine-Community */,
			);
			productName = "Dragon Gardners(Hackathon)";
			productReference = CEAAC3C42EA2D94500340E2E /* Dragon Gardners(Hackathon).app */;
			productType = "com.apple.product-type.application";
		};
		CEAAC3D02EA2D94700340E2E /* Dragon Gardners(Hackathon)Tests */ = {
			isa = PBXNativeTarget;
			buildConfigurationList = CEAAC3E82EA2D94700340E2E /* Build configuration list for PBXNativeTarget "Dragon Gardners(Hackathon)Tests" */;
			buildPhases = (
				CEAAC3CD2EA2D94700340E2E /* Sources */,
				CEAAC3CE2EA2D94700340E2E /* Frameworks */,
				CEAAC3CF2EA2D94700340E2E /* Resources */,
			);
			buildRules = (
			);
			dependencies = (
				CEAAC3D32EA2D94700340E2E /* PBXTargetDependency */,
			);
			fileSystemSynchronizedGroups = (
				CEAAC3D42EA2D94700340E2E /* Dragon Gardners(Hackathon)Tests */,
			);
			name = "Dragon Gardners(Hackathon)Tests";
			packageProductDependencies = (
			);
			productName = "Dragon Gardners(Hackathon)Tests";
			productReference = CEAAC3D12EA2D94700340E2E /* Dragon Gardners(Hackathon)Tests.xctest */;
			productType = "com.apple.product-type.bundle.unit-test";
		};
		CEAAC3DA2EA2D94700340E2E /* Dragon Gardners(Hackathon)UITests */ = {
			isa = PBXNativeTarget;
			buildConfigurationList = CEAAC3EB2EA2D94700340E2E /* Build configuration list for PBXNativeTarget "Dragon Gardners(Hackathon)UITests" */;
			buildPhases = (
				CEAAC3D72EA2D94700340E2E /* Sources */,
				CEAAC3D82EA2D94700340E2E /* Frameworks */,
				CEAAC3D92EA2D94700340E2E /* Resources */,
			);
			buildRules = (
			);
			dependencies = (
				CEAAC3DD2EA2D94700340E2E /* PBXTargetDependency */,
			);
			fileSystemSynchronizedGroups = (
				CEAAC3DE2EA2D94700340E2E /* Dragon Gardners(Hackathon)UITests */,
			);
			name = "Dragon Gardners(Hackathon)UITests";
			packageProductDependencies = (
			);
			productName = "Dragon Gardners(Hackathon)UITests";
			productReference = CEAAC3DB2EA2D94700340E2E /* Dragon Gardners(Hackathon)UITests.xctest */;
			productType = "com.apple.product-type.bundle.ui-testing";
		};
/* End PBXNativeTarget section */

/* Begin PBXProject section */
		CEAAC3BC2EA2D94500340E2E /* Project object */ = {
			isa = PBXProject;
			attributes = {
				BuildIndependentTargetsInParallel = 1;
				LastSwiftUpdateCheck = 2600;
				LastUpgradeCheck = 2600;
				TargetAttributes = {
					CEAAC3C32EA2D94500340E2E = {
						CreatedOnToolsVersion = 26.0;
					};
					CEAAC3D02EA2D94700340E2E = {
						CreatedOnToolsVersion = 26.0;
						TestTargetID = CEAAC3C32EA2D94500340E2E;
					};
					CEAAC3DA2EA2D94700340E2E = {
						CreatedOnToolsVersion = 26.0;
						TestTargetID = CEAAC3C32EA2D94500340E2E;
					};
				};
			};
			buildConfigurationList = CEAAC3BF2EA2D94500340E2E /* Build configuration list for PBXProject "Dragon Gardners(Hackathon)" */;
			developmentRegion = en;
			hasScannedForEncodings = 0;
			knownRegions = (
				en,
				Base,
			);
			mainGroup = CEAAC3BB2EA2D94500340E2E;
			minimizedProjectReferenceProxies = 1;
			packageReferences = (
				CEAAC4142EA2E45800340E2E /* XCRemoteSwiftPackageReference "firebase-ios-sdk" */,
			);
			preferredProjectObjectVersion = 77;
			productRefGroup = CEAAC3C52EA2D94500340E2E /* Products */;
			projectDirPath = "";
			projectRoot = "";
			targets = (
				CEAAC3C32EA2D94500340E2E /* Dragon Gardners(Hackathon) */,
				CEAAC3D02EA2D94700340E2E /* Dragon Gardners(Hackathon)Tests */,
				CEAAC3DA2EA2D94700340E2E /* Dragon Gardners(Hackathon)UITests */,
			);
		};
/* End PBXProject section */

/* Begin PBXResourcesBuildPhase section */
		CEAAC3C22EA2D94500340E2E /* Resources */ = {
			isa = PBXResourcesBuildPhase;
			buildActionMask = 2147483647;
			files = (
				CEAAC4182EA2E6F600340E2E /* GoogleService-Info.plist in Resources */,
			);
			runOnlyForDeploymentPostprocessing = 0;
		};
		CEAAC3CF2EA2D94700340E2E /* Resources */ = {
			isa = PBXResourcesBuildPhase;
			buildActionMask = 2147483647;
			files = (
			);
			runOnlyForDeploymentPostprocessing = 0;
		};
		CEAAC3D92EA2D94700340E2E /* Resources */ = {
			isa = PBXResourcesBuildPhase;
			buildActionMask = 2147483647;
			files = (
			);
			runOnlyForDeploymentPostprocessing = 0;
		};
/* End PBXResourcesBuildPhase section */

/* Begin PBXSourcesBuildPhase section */
		CEAAC3C02EA2D94500340E2E /* Sources */ = {
			isa = PBXSourcesBuildPhase;
			buildActionMask = 2147483647;
			files = (
			);
			runOnlyForDeploymentPostprocessing = 0;
		};
		CEAAC3CD2EA2D94700340E2E /* Sources */ = {
			isa = PBXSourcesBuildPhase;
			buildActionMask = 2147483647;
			files = (
			);
			runOnlyForDeploymentPostprocessing = 0;
		};
		CEAAC3D72EA2D94700340E2E /* Sources */ = {
			isa = PBXSourcesBuildPhase;
			buildActionMask = 2147483647;
			files = (
			);
			runOnlyForDeploymentPostprocessing = 0;
		};
/* End PBXSourcesBuildPhase section */

/* Begin PBXTargetDependency section */
		CEAAC3D32EA2D94700340E2E /* PBXTargetDependency */ = {
			isa = PBXTargetDependency;
			target = CEAAC3C32EA2D94500340E2E /* Dragon Gardners(Hackathon) */;
			targetProxy = CEAAC3D22EA2D94700340E2E /* PBXContainerItemProxy */;
		};
		CEAAC3DD2EA2D94700340E2E /* PBXTargetDependency */ = {
			isa = PBXTargetDependency;
			target = CEAAC3C32EA2D94500340E2E /* Dragon Gardners(Hackathon) */;
			targetProxy = CEAAC3DC2EA2D94700340E2E /* PBXContainerItemProxy */;
		};
/* End PBXTargetDependency section */

/* Begin XCBuildConfiguration section */
		CEAAC3E32EA2D94700340E2E /* Debug */ = {
			isa = XCBuildConfiguration;
			buildSettings = {
				ALWAYS_SEARCH_USER_PATHS = NO;
				ASSETCATALOG_COMPILER_GENERATE_SWIFT_ASSET_SYMBOL_EXTENSIONS = YES;
				CLANG_ANALYZER_NONNULL = YES;
				CLANG_ANALYZER_NUMBER_OBJECT_CONVERSION = YES_AGGRESSIVE;
				CLANG_CXX_LANGUAGE_STANDARD = "gnu++20";
				CLANG_ENABLE_MODULES = YES;
				CLANG_ENABLE_OBJC_ARC = YES;
				CLANG_ENABLE_OBJC_WEAK = YES;
				CLANG_WARN_BLOCK_CAPTURE_AUTORELEASING = YES;
				CLANG_WARN_BOOL_CONVERSION = YES;
				CLANG_WARN_COMMA = YES;
				CLANG_WARN_CONSTANT_CONVERSION = YES;
				CLANG_WARN_DEPRECATED_OBJC_IMPLEMENTATIONS = YES;
				CLANG_WARN_DIRECT_OBJC_ISA_USAGE = YES_ERROR;
				CLANG_WARN_DOCUMENTATION_COMMENTS = YES;
				CLANG_WARN_EMPTY_BODY = YES;
				CLANG_WARN_ENUM_CONVERSION = YES;
				CLANG_WARN_INFINITE_RECURSION = YES;
				CLANG_WARN_INT_CONVERSION = YES;
				CLANG_WARN_NON_LITERAL_NULL_CONVERSION = YES;
				CLANG_WARN_OBJC_IMPLICIT_RETAIN_SELF = YES;
				CLANG_WARN_OBJC_LITERAL_CONVERSION = YES;
				CLANG_WARN_OBJC_ROOT_CLASS = YES_ERROR;
				CLANG_WARN_QUOTED_INCLUDE_IN_FRAMEWORK_HEADER = YES;
				CLANG_WARN_RANGE_LOOP_ANALYSIS = YES;
				CLANG_WARN_STRICT_PROTOTYPES = YES;
				CLANG_WARN_SUSPICIOUS_MOVE = YES;
				CLANG_WARN_UNGUARDED_AVAILABILITY = YES_AGGRESSIVE;
				CLANG_WARN_UNREACHABLE_CODE = YES;
				CLANG_WARN__DUPLICATE_METHOD_MATCH = YES;
				COPY_PHASE_STRIP = NO;
				DEBUG_INFORMATION_FORMAT = dwarf;
				ENABLE_STRICT_OBJC_MSGSEND = YES;
				ENABLE_TESTABILITY = YES;
				ENABLE_USER_SCRIPT_SANDBOXING = YES;
				GCC_C_LANGUAGE_STANDARD = gnu17;
				GCC_DYNAMIC_NO_PIC = NO;
				GCC_NO_COMMON_BLOCKS = YES;
				GCC_OPTIMIZATION_LEVEL = 0;
				GCC_PREPROCESSOR_DEFINITIONS = (
					"DEBUG=1",
					"$(inherited)",
				);
				GCC_WARN_64_TO_32_BIT_CONVERSION = YES;
				GCC_WARN_ABOUT_RETURN_TYPE = YES_ERROR;
				GCC_WARN_UNDECLARED_SELECTOR = YES;
				GCC_WARN_UNINITIALIZED_AUTOS = YES_AGGRESSIVE;
				GCC_WARN_UNUSED_FUNCTION = YES;
				GCC_WARN_UNUSED_VARIABLE = YES;
				IPHONEOS_DEPLOYMENT_TARGET = 26.0;
				LOCALIZATION_PREFERS_STRING_CATALOGS = YES;
				MTL_ENABLE_DEBUG_INFO = INCLUDE_SOURCE;
				MTL_FAST_MATH = YES;
				ONLY_ACTIVE_ARCH = YES;
				SDKROOT = iphoneos;
				SWIFT_ACTIVE_COMPILATION_CONDITIONS = "DEBUG $(inherited)";
				SWIFT_OPTIMIZATION_LEVEL = "-Onone";
			};
			name = Debug;
		};
		CEAAC3E42EA2D94700340E2E /* Release */ = {
			isa = XCBuildConfiguration;
			buildSettings = {
				ALWAYS_SEARCH_USER_PATHS = NO;
				ASSETCATALOG_COMPILER_GENERATE_SWIFT_ASSET_SYMBOL_EXTENSIONS = YES;
				CLANG_ANALYZER_NONNULL = YES;
				CLANG_ANALYZER_NUMBER_OBJECT_CONVERSION = YES_AGGRESSIVE;
				CLANG_CXX_LANGUAGE_STANDARD = "gnu++20";
				CLANG_ENABLE_MODULES = YES;
				CLANG_ENABLE_OBJC_ARC = YES;
				CLANG_ENABLE_OBJC_WEAK = YES;
				CLANG_WARN_BLOCK_CAPTURE_AUTORELEASING = YES;
				CLANG_WARN_BOOL_CONVERSION = YES;
				CLANG_WARN_COMMA = YES;
				CLANG_WARN_CONSTANT_CONVERSION = YES;
				CLANG_WARN_DEPRECATED_OBJC_IMPLEMENTATIONS = YES;
				CLANG_WARN_DIRECT_OBJC_ISA_USAGE = YES_ERROR;
				CLANG_WARN_DOCUMENTATION_COMMENTS = YES;
				CLANG_WARN_EMPTY_BODY = YES;
				CLANG_WARN_ENUM_CONVERSION = YES;
				CLANG_WARN_INFINITE_RECURSION = YES;
				CLANG_WARN_INT_CONVERSION = YES;
				CLANG_WARN_NON_LITERAL_NULL_CONVERSION = YES;
				CLANG_WARN_OBJC_IMPLICIT_RETAIN_SELF = YES;
				CLANG_WARN_OBJC_LITERAL_CONVERSION = YES;
				CLANG_WARN_OBJC_ROOT_CLASS = YES_ERROR;
				CLANG_WARN_QUOTED_INCLUDE_IN_FRAMEWORK_HEADER = YES;
				CLANG_WARN_RANGE_LOOP_ANALYSIS = YES;
				CLANG_WARN_STRICT_PROTOTYPES = YES;
				CLANG_WARN_SUSPICIOUS_MOVE = YES;
				CLANG_WARN_UNGUARDED_AVAILABILITY = YES_AGGRESSIVE;
				CLANG_WARN_UNREACHABLE_CODE = YES;
				CLANG_WARN__DUPLICATE_METHOD_MATCH = YES;
				COPY_PHASE_STRIP = NO;
				DEBUG_INFORMATION_FORMAT = "dwarf-with-dsym";
				ENABLE_NS_ASSERTIONS = NO;
				ENABLE_STRICT_OBJC_MSGSEND = YES;
				ENABLE_USER_SCRIPT_SANDBOXING = YES;
				GCC_C_LANGUAGE_STANDARD = gnu17;
				GCC_NO_COMMON_BLOCKS = YES;
				GCC_WARN_64_TO_32_BIT_CONVERSION = YES;
				GCC_WARN_ABOUT_RETURN_TYPE = YES_ERROR;
				GCC_WARN_UNDECLARED_SELECTOR = YES;
				GCC_WARN_UNINITIALIZED_AUTOS = YES_AGGRESSIVE;
				GCC_WARN_UNUSED_FUNCTION = YES;
				GCC_WARN_UNUSED_VARIABLE = YES;
				IPHONEOS_DEPLOYMENT_TARGET = 26.0;
				LOCALIZATION_PREFERS_STRING_CATALOGS = YES;
				MTL_ENABLE_DEBUG_INFO = NO;
				MTL_FAST_MATH = YES;
				SDKROOT = iphoneos;
				SWIFT_COMPILATION_MODE = wholemodule;
				VALIDATE_PRODUCT = YES;
			};
			name = Release;
		};
		CEAAC3E62EA2D94700340E2E /* Debug */ = {
			isa = XCBuildConfiguration;
			buildSettings = {
				ASSETCATALOG_COMPILER_APPICON_NAME = AppIcon;
				ASSETCATALOG_COMPILER_GLOBAL_ACCENT_COLOR_NAME = AccentColor;
				CODE_SIGN_STYLE = Automatic;
				CURRENT_PROJECT_VERSION = 1;
				ENABLE_PREVIEWS = YES;
				GENERATE_INFOPLIST_FILE = YES;
				INFOPLIST_KEY_UIApplicationSceneManifest_Generation = YES;
				INFOPLIST_KEY_UIApplicationSupportsIndirectInputEvents = YES;
				INFOPLIST_KEY_UILaunchScreen_Generation = YES;
				INFOPLIST_KEY_UISupportedInterfaceOrientations_iPad = "UIInterfaceOrientationPortrait UIInterfaceOrientationPortraitUpsideDown UIInterfaceOrientationLandscapeLeft UIInterfaceOrientationLandscapeRight";
				INFOPLIST_KEY_UISupportedInterfaceOrientations_iPhone = "UIInterfaceOrientationPortrait UIInterfaceOrientationLandscapeLeft UIInterfaceOrientationLandscapeRight";
				LD_RUNPATH_SEARCH_PATHS = (
					"$(inherited)",
					"@executable_path/Frameworks",
				);
				MARKETING_VERSION = 1.0;
				PRODUCT_BUNDLE_IDENTIFIER = "LC-Software.Dragon-Gardners-Hackathon-";
				PRODUCT_NAME = "$(TARGET_NAME)";
				STRING_CATALOG_GENERATE_SYMBOLS = YES;
				SWIFT_APPROACHABLE_CONCURRENCY = YES;
				SWIFT_DEFAULT_ACTOR_ISOLATION = MainActor;
				SWIFT_EMIT_LOC_STRINGS = YES;
				SWIFT_UPCOMING_FEATURE_MEMBER_IMPORT_VISIBILITY = YES;
				SWIFT_VERSION = 5.0;
				TARGETED_DEVICE_FAMILY = "1,2";
			};
			name = Debug;
		};
		CEAAC3E72EA2D94700340E2E /* Release */ = {
			isa = XCBuildConfiguration;
			buildSettings = {
				ASSETCATALOG_COMPILER_APPICON_NAME = AppIcon;
				ASSETCATALOG_COMPILER_GLOBAL_ACCENT_COLOR_NAME = AccentColor;
				CODE_SIGN_STYLE = Automatic;
				CURRENT_PROJECT_VERSION = 1;
				ENABLE_PREVIEWS = YES;
				GENERATE_INFOPLIST_FILE = YES;
				INFOPLIST_KEY_UIApplicationSceneManifest_Generation = YES;
				INFOPLIST_KEY_UIApplicationSupportsIndirectInputEvents = YES;
				INFOPLIST_KEY_UILaunchScreen_Generation = YES;
				INFOPLIST_KEY_UISupportedInterfaceOrientations_iPad = "UIInterfaceOrientationPortrait UIInterfaceOrientationPortraitUpsideDown UIInterfaceOrientationLandscapeLeft UIInterfaceOrientationLandscapeRight";
				INFOPLIST_KEY_UISupportedInterfaceOrientations_iPhone = "UIInterfaceOrientationPortrait UIInterfaceOrientationLandscapeLeft UIInterfaceOrientationLandscapeRight";
				LD_RUNPATH_SEARCH_PATHS = (
					"$(inherited)",
					"@executable_path/Frameworks",
				);
				MARKETING_VERSION = 1.0;
				PRODUCT_BUNDLE_IDENTIFIER = "LC-Software.Dragon-Gardners-Hackathon-";
				PRODUCT_NAME = "$(TARGET_NAME)";
				STRING_CATALOG_GENERATE_SYMBOLS = YES;
				SWIFT_APPROACHABLE_CONCURRENCY = YES;
				SWIFT_DEFAULT_ACTOR_ISOLATION = MainActor;
				SWIFT_EMIT_LOC_STRINGS = YES;
				SWIFT_UPCOMING_FEATURE_MEMBER_IMPORT_VISIBILITY = YES;
				SWIFT_VERSION = 5.0;
				TARGETED_DEVICE_FAMILY = "1,2";
			};
			name = Release;
		};
		CEAAC3E92EA2D94700340E2E /* Debug */ = {
			isa = XCBuildConfiguration;
			buildSettings = {
				BUNDLE_LOADER = "$(TEST_HOST)";
				CODE_SIGN_STYLE = Automatic;
				CURRENT_PROJECT_VERSION = 1;
				GENERATE_INFOPLIST_FILE = YES;
				IPHONEOS_DEPLOYMENT_TARGET = 26.0;
				MARKETING_VERSION = 1.0;
				PRODUCT_BUNDLE_IDENTIFIER = "LC-Software.Dragon-Gardners-Hackathon-Tests";
				PRODUCT_NAME = "$(TARGET_NAME)";
				STRING_CATALOG_GENERATE_SYMBOLS = NO;
				SWIFT_APPROACHABLE_CONCURRENCY = YES;
				SWIFT_EMIT_LOC_STRINGS = NO;
				SWIFT_UPCOMING_FEATURE_MEMBER_IMPORT_VISIBILITY = YES;
				SWIFT_VERSION = 5.0;
				TARGETED_DEVICE_FAMILY = "1,2";
				TEST_HOST = "$(BUILT_PRODUCTS_DIR)/Dragon Gardners(Hackathon).app/$(BUNDLE_EXECUTABLE_FOLDER_PATH)/Dragon Gardners(Hackathon)";
			};
			name = Debug;
		};
		CEAAC3EA2EA2D94700340E2E /* Release */ = {
			isa = XCBuildConfiguration;
			buildSettings = {
				BUNDLE_LOADER = "$(TEST_HOST)";
				CODE_SIGN_STYLE = Automatic;
				CURRENT_PROJECT_VERSION = 1;
				GENERATE_INFOPLIST_FILE = YES;
				IPHONEOS_DEPLOYMENT_TARGET = 26.0;
				MARKETING_VERSION = 1.0;
				PRODUCT_BUNDLE_IDENTIFIER = "LC-Software.Dragon-Gardners-Hackathon-Tests";
				PRODUCT_NAME = "$(TARGET_NAME)";
				STRING_CATALOG_GENERATE_SYMBOLS = NO;
				SWIFT_APPROACHABLE_CONCURRENCY = YES;
				SWIFT_EMIT_LOC_STRINGS = NO;
				SWIFT_UPCOMING_FEATURE_MEMBER_IMPORT_VISIBILITY = YES;
				SWIFT_VERSION = 5.0;
				TARGETED_DEVICE_FAMILY = "1,2";
				TEST_HOST = "$(BUILT_PRODUCTS_DIR)/Dragon Gardners(Hackathon).app/$(BUNDLE_EXECUTABLE_FOLDER_PATH)/Dragon Gardners(Hackathon)";
			};
			name = Release;
		};
		CEAAC3EC2EA2D94700340E2E /* Debug */ = {
			isa = XCBuildConfiguration;
			buildSettings = {
				CODE_SIGN_STYLE = Automatic;
				CURRENT_PROJECT_VERSION = 1;
				GENERATE_INFOPLIST_FILE = YES;
				MARKETING_VERSION = 1.0;
				PRODUCT_BUNDLE_IDENTIFIER = "LC-Software.Dragon-Gardners-Hackathon-UITests";
				PRODUCT_NAME = "$(TARGET_NAME)";
				STRING_CATALOG_GENERATE_SYMBOLS = NO;
				SWIFT_APPROACHABLE_CONCURRENCY = YES;
				SWIFT_EMIT_LOC_STRINGS = NO;
				SWIFT_UPCOMING_FEATURE_MEMBER_IMPORT_VISIBILITY = YES;
				SWIFT_VERSION = 5.0;
				TARGETED_DEVICE_FAMILY = "1,2";
				TEST_TARGET_NAME = "Dragon Gardners(Hackathon)";
			};
			name = Debug;
		};
		CEAAC3ED2EA2D94700340E2E /* Release */ = {
			isa = XCBuildConfiguration;
			buildSettings = {
				CODE_SIGN_STYLE = Automatic;
				CURRENT_PROJECT_VERSION = 1;
				GENERATE_INFOPLIST_FILE = YES;
				MARKETING_VERSION = 1.0;
				PRODUCT_BUNDLE_IDENTIFIER = "LC-Software.Dragon-Gardners-Hackathon-UITests";
				PRODUCT_NAME = "$(TARGET_NAME)";
				STRING_CATALOG_GENERATE_SYMBOLS = NO;
				SWIFT_APPROACHABLE_CONCURRENCY = YES;
				SWIFT_EMIT_LOC_STRINGS = NO;
				SWIFT_UPCOMING_FEATURE_MEMBER_IMPORT_VISIBILITY = YES;
				SWIFT_VERSION = 5.0;
				TARGETED_DEVICE_FAMILY = "1,2";
				TEST_TARGET_NAME = "Dragon Gardners(Hackathon)";
			};
			name = Release;
		};
/* End XCBuildConfiguration section */

/* Begin XCConfigurationList section */
		CEAAC3BF2EA2D94500340E2E /* Build configuration list for PBXProject "Dragon Gardners(Hackathon)" */ = {
			isa = XCConfigurationList;
			buildConfigurations = (
				CEAAC3E32EA2D94700340E2E /* Debug */,
				CEAAC3E42EA2D94700340E2E /* Release */,
			);
			defaultConfigurationIsVisible = 0;
			defaultConfigurationName = Release;
		};
		CEAAC3E52EA2D94700340E2E /* Build configuration list for PBXNativeTarget "Dragon Gardners(Hackathon)" */ = {
			isa = XCConfigurationList;
			buildConfigurations = (
				CEAAC3E62EA2D94700340E2E /* Debug */,
				CEAAC3E72EA2D94700340E2E /* Release */,
			);
			defaultConfigurationIsVisible = 0;
			defaultConfigurationName = Release;
		};
		CEAAC3E82EA2D94700340E2E /* Build configuration list for PBXNativeTarget "Dragon Gardners(Hackathon)Tests" */ = {
			isa = XCConfigurationList;
			buildConfigurations = (
				CEAAC3E92EA2D94700340E2E /* Debug */,
				CEAAC3EA2EA2D94700340E2E /* Release */,
			);
			defaultConfigurationIsVisible = 0;
			defaultConfigurationName = Release;
		};
		CEAAC3EB2EA2D94700340E2E /* Build configuration list for PBXNativeTarget "Dragon Gardners(Hackathon)UITests" */ = {
			isa = XCConfigurationList;
			buildConfigurations = (
				CEAAC3EC2EA2D94700340E2E /* Debug */,
				CEAAC3ED2EA2D94700340E2E /* Release */,
			);
			defaultConfigurationIsVisible = 0;
			defaultConfigurationName = Release;
		};
/* End XCConfigurationList section */

/* Begin XCRemoteSwiftPackageReference section */
		CEAAC4142EA2E45800340E2E /* XCRemoteSwiftPackageReference "firebase-ios-sdk" */ = {
			isa = XCRemoteSwiftPackageReference;
			repositoryURL = "https://github.com/firebase/firebase-ios-sdk";
			requirement = {
				kind = upToNextMajorVersion;
				minimumVersion = 12.4.0;
			};
		};
/* End XCRemoteSwiftPackageReference section */

/* Begin XCSwiftPackageProductDependency section */
		CEAAC4252EA2E88400340E2E /* FirebaseAI */ = {
			isa = XCSwiftPackageProductDependency;
			package = CEAAC4142EA2E45800340E2E /* XCRemoteSwiftPackageReference "firebase-ios-sdk" */;
			productName = FirebaseAI;
		};
		CEAAC4272EA2E88400340E2E /* FirebaseAnalytics */ = {
			isa = XCSwiftPackageProductDependency;
			package = CEAAC4142EA2E45800340E2E /* XCRemoteSwiftPackageReference "firebase-ios-sdk" */;
			productName = FirebaseAnalytics;
		};
		CEAAC4292EA2E88400340E2E /* FirebaseAnalyticsCore */ = {
			isa = XCSwiftPackageProductDependency;
			package = CEAAC4142EA2E45800340E2E /* XCRemoteSwiftPackageReference "firebase-ios-sdk" */;
			productName = FirebaseAnalyticsCore;
		};
		CEAAC42B2EA2E88400340E2E /* FirebaseAnalyticsIdentitySupport */ = {
			isa = XCSwiftPackageProductDependency;
			package = CEAAC4142EA2E45800340E2E /* XCRemoteSwiftPackageReference "firebase-ios-sdk" */;
			productName = FirebaseAnalyticsIdentitySupport;
		};
		CEAAC42D2EA2E88400340E2E /* FirebaseAppCheck */ = {
			isa = XCSwiftPackageProductDependency;
			package = CEAAC4142EA2E45800340E2E /* XCRemoteSwiftPackageReference "firebase-ios-sdk" */;
			productName = FirebaseAppCheck;
		};
		CEAAC4302EA2EA4000340E2E /* FirebaseAuth */ = {
			isa = XCSwiftPackageProductDependency;
			package = CEAAC4142EA2E45800340E2E /* XCRemoteSwiftPackageReference "firebase-ios-sdk" */;
			productName = FirebaseAuth;
		};
		CEAAC4322EA2EA5100340E2E /* FirebaseCore */ = {
			isa = XCSwiftPackageProductDependency;
			package = CEAAC4142EA2E45800340E2E /* XCRemoteSwiftPackageReference "firebase-ios-sdk" */;
			productName = FirebaseCore;
		};
		CEAAC4342EA2EA5A00340E2E /* FirebaseFirestore */ = {
			isa = XCSwiftPackageProductDependency;
			package = CEAAC4142EA2E45800340E2E /* XCRemoteSwiftPackageReference "firebase-ios-sdk" */;
			productName = FirebaseFirestore;
		};
		CEAAC4362EA2EA6200340E2E /* FirebaseStorage */ = {
			isa = XCSwiftPackageProductDependency;
			package = CEAAC4142EA2E45800340E2E /* XCRemoteSwiftPackageReference "firebase-ios-sdk" */;
			productName = FirebaseStorage;
		};
		CEAAC4442EA2EB3900340E2E /* FirebaseFirestoreCombine-Community */ = {
			isa = XCSwiftPackageProductDependency;
			package = CEAAC4142EA2E45800340E2E /* XCRemoteSwiftPackageReference "firebase-ios-sdk" */;
			productName = "FirebaseFirestoreCombine-Community";
		};
/* End XCSwiftPackageProductDependency section */
	};
	rootObject = CEAAC3BC2EA2D94500340E2E /* Project object */;
}
